
Microsoft Visual Studio Solution File, Format Version 12.00
# Visual Studio Version 16
VisualStudioVersion = 16.0.29709.97
MinimumVisualStudioVersion = 15.0.26124.0
Project("{9A19103F-16F7-4668-BE54-9A1E7A4F7556}") = "SFA.DAS.ASK.Web", "SFA.DAS.ASK.Web\SFA.DAS.ASK.Web.csproj", "{AD2B8ABF-1559-40AE-818B-B2EADCFF266B}"
EndProject
Project("{9A19103F-16F7-4668-BE54-9A1E7A4F7556}") = "SFA.DAS.Boilerplate", "SFA.DAS.Boilerplate\SFA.DAS.Boilerplate.csproj", "{4D7EFCB5-BF4C-4163-99B0-B939BA7A71C1}"
EndProject
Project("{9A19103F-16F7-4668-BE54-9A1E7A4F7556}") = "SFA.DAS.ASK.Api", "SFA.DAS.ASK.Api\SFA.DAS.ASK.Api.csproj", "{1A5A2FE9-EA23-483C-8BCE-0D768D10F288}"
EndProject
Project("{9A19103F-16F7-4668-BE54-9A1E7A4F7556}") = "SFA.DAS.ASK.Functions", "SFA.DAS.ASK.Functions\SFA.DAS.ASK.Functions.csproj", "{B7E56BE4-6BA2-4C10-BB8E-7D5EFAD9C2FF}"
EndProject
Project("{00D1A9C2-B5F0-4AF3-8072-F6C62B433612}") = "SFA.DAS.ASK.Database", "SFA.DAS.ASK.Database\SFA.DAS.ASK.Database.sqlproj", "{9DE92C1A-406D-45A6-89BD-86038DF1D87D}"
EndProject
Project("{FAE04EC0-301F-11D3-BF4B-00C04F79EFBC}") = "SFA.DAS.ASK.Application", "SFA.DAS.ASK.Application\SFA.DAS.ASK.Application.csproj", "{0D413240-1BFA-4357-A09C-2DBFEA41BB86}"
EndProject
Project("{FAE04EC0-301F-11D3-BF4B-00C04F79EFBC}") = "SFA.DAS.ASK.Data", "SFA.DAS.ASK.Data\SFA.DAS.ASK.Data.csproj", "{0055F2E7-235B-4636-A1DC-CF55199579FC}"
EndProject
Project("{FAE04EC0-301F-11D3-BF4B-00C04F79EFBC}") = "SFA.DAS.ASK.Application.UnitTests", "SFA.DAS.ASK.Application.UnitTests\SFA.DAS.ASK.Application.UnitTests.csproj", "{86FF0F3C-9BC0-43C5-B7E5-38A9E6CD5B7C}"
EndProject
Project("{FAE04EC0-301F-11D3-BF4B-00C04F79EFBC}") = "SFA.DAS.ASK.Application.ExternalServices", "SFA.DAS.ASK.Application.ExternalServices\SFA.DAS.ASK.Application.ExternalServices.csproj", "{4227660F-B193-476F-A989-1460ACFEC1F7}"
EndProject
Global
	GlobalSection(SolutionConfigurationPlatforms) = preSolution
		Debug|Any CPU = Debug|Any CPU
		Debug|x64 = Debug|x64
		Debug|x86 = Debug|x86
		Release|Any CPU = Release|Any CPU
		Release|x64 = Release|x64
		Release|x86 = Release|x86
	EndGlobalSection
	GlobalSection(ProjectConfigurationPlatforms) = postSolution
		{AD2B8ABF-1559-40AE-818B-B2EADCFF266B}.Debug|Any CPU.ActiveCfg = Debug|Any CPU
		{AD2B8ABF-1559-40AE-818B-B2EADCFF266B}.Debug|Any CPU.Build.0 = Debug|Any CPU
		{AD2B8ABF-1559-40AE-818B-B2EADCFF266B}.Debug|x64.ActiveCfg = Debug|Any CPU
		{AD2B8ABF-1559-40AE-818B-B2EADCFF266B}.Debug|x64.Build.0 = Debug|Any CPU
		{AD2B8ABF-1559-40AE-818B-B2EADCFF266B}.Debug|x86.ActiveCfg = Debug|Any CPU
		{AD2B8ABF-1559-40AE-818B-B2EADCFF266B}.Debug|x86.Build.0 = Debug|Any CPU
		{AD2B8ABF-1559-40AE-818B-B2EADCFF266B}.Release|Any CPU.ActiveCfg = Release|Any CPU
		{AD2B8ABF-1559-40AE-818B-B2EADCFF266B}.Release|Any CPU.Build.0 = Release|Any CPU
		{AD2B8ABF-1559-40AE-818B-B2EADCFF266B}.Release|x64.ActiveCfg = Release|Any CPU
		{AD2B8ABF-1559-40AE-818B-B2EADCFF266B}.Release|x64.Build.0 = Release|Any CPU
		{AD2B8ABF-1559-40AE-818B-B2EADCFF266B}.Release|x86.ActiveCfg = Release|Any CPU
		{AD2B8ABF-1559-40AE-818B-B2EADCFF266B}.Release|x86.Build.0 = Release|Any CPU
		{4D7EFCB5-BF4C-4163-99B0-B939BA7A71C1}.Debug|Any CPU.ActiveCfg = Debug|Any CPU
		{4D7EFCB5-BF4C-4163-99B0-B939BA7A71C1}.Debug|Any CPU.Build.0 = Debug|Any CPU
		{4D7EFCB5-BF4C-4163-99B0-B939BA7A71C1}.Debug|x64.ActiveCfg = Debug|Any CPU
		{4D7EFCB5-BF4C-4163-99B0-B939BA7A71C1}.Debug|x64.Build.0 = Debug|Any CPU
		{4D7EFCB5-BF4C-4163-99B0-B939BA7A71C1}.Debug|x86.ActiveCfg = Debug|Any CPU
		{4D7EFCB5-BF4C-4163-99B0-B939BA7A71C1}.Debug|x86.Build.0 = Debug|Any CPU
		{4D7EFCB5-BF4C-4163-99B0-B939BA7A71C1}.Release|Any CPU.ActiveCfg = Release|Any CPU
		{4D7EFCB5-BF4C-4163-99B0-B939BA7A71C1}.Release|Any CPU.Build.0 = Release|Any CPU
		{4D7EFCB5-BF4C-4163-99B0-B939BA7A71C1}.Release|x64.ActiveCfg = Release|Any CPU
		{4D7EFCB5-BF4C-4163-99B0-B939BA7A71C1}.Release|x64.Build.0 = Release|Any CPU
		{4D7EFCB5-BF4C-4163-99B0-B939BA7A71C1}.Release|x86.ActiveCfg = Release|Any CPU
		{4D7EFCB5-BF4C-4163-99B0-B939BA7A71C1}.Release|x86.Build.0 = Release|Any CPU
		{1A5A2FE9-EA23-483C-8BCE-0D768D10F288}.Debug|Any CPU.ActiveCfg = Debug|Any CPU
		{1A5A2FE9-EA23-483C-8BCE-0D768D10F288}.Debug|Any CPU.Build.0 = Debug|Any CPU
		{1A5A2FE9-EA23-483C-8BCE-0D768D10F288}.Debug|x64.ActiveCfg = Debug|Any CPU
		{1A5A2FE9-EA23-483C-8BCE-0D768D10F288}.Debug|x64.Build.0 = Debug|Any CPU
		{1A5A2FE9-EA23-483C-8BCE-0D768D10F288}.Debug|x86.ActiveCfg = Debug|Any CPU
		{1A5A2FE9-EA23-483C-8BCE-0D768D10F288}.Debug|x86.Build.0 = Debug|Any CPU
		{1A5A2FE9-EA23-483C-8BCE-0D768D10F288}.Release|Any CPU.ActiveCfg = Release|Any CPU
		{1A5A2FE9-EA23-483C-8BCE-0D768D10F288}.Release|Any CPU.Build.0 = Release|Any CPU
		{1A5A2FE9-EA23-483C-8BCE-0D768D10F288}.Release|x64.ActiveCfg = Release|Any CPU
		{1A5A2FE9-EA23-483C-8BCE-0D768D10F288}.Release|x64.Build.0 = Release|Any CPU
		{1A5A2FE9-EA23-483C-8BCE-0D768D10F288}.Release|x86.ActiveCfg = Release|Any CPU
		{1A5A2FE9-EA23-483C-8BCE-0D768D10F288}.Release|x86.Build.0 = Release|Any CPU
		{B7E56BE4-6BA2-4C10-BB8E-7D5EFAD9C2FF}.Debug|Any CPU.ActiveCfg = Debug|Any CPU
		{B7E56BE4-6BA2-4C10-BB8E-7D5EFAD9C2FF}.Debug|Any CPU.Build.0 = Debug|Any CPU
		{B7E56BE4-6BA2-4C10-BB8E-7D5EFAD9C2FF}.Debug|x64.ActiveCfg = Debug|Any CPU
		{B7E56BE4-6BA2-4C10-BB8E-7D5EFAD9C2FF}.Debug|x64.Build.0 = Debug|Any CPU
		{B7E56BE4-6BA2-4C10-BB8E-7D5EFAD9C2FF}.Debug|x86.ActiveCfg = Debug|Any CPU
		{B7E56BE4-6BA2-4C10-BB8E-7D5EFAD9C2FF}.Debug|x86.Build.0 = Debug|Any CPU
		{B7E56BE4-6BA2-4C10-BB8E-7D5EFAD9C2FF}.Release|Any CPU.ActiveCfg = Release|Any CPU
		{B7E56BE4-6BA2-4C10-BB8E-7D5EFAD9C2FF}.Release|Any CPU.Build.0 = Release|Any CPU
		{B7E56BE4-6BA2-4C10-BB8E-7D5EFAD9C2FF}.Release|x64.ActiveCfg = Release|Any CPU
		{B7E56BE4-6BA2-4C10-BB8E-7D5EFAD9C2FF}.Release|x64.Build.0 = Release|Any CPU
		{B7E56BE4-6BA2-4C10-BB8E-7D5EFAD9C2FF}.Release|x86.ActiveCfg = Release|Any CPU
		{B7E56BE4-6BA2-4C10-BB8E-7D5EFAD9C2FF}.Release|x86.Build.0 = Release|Any CPU
		{9DE92C1A-406D-45A6-89BD-86038DF1D87D}.Debug|Any CPU.ActiveCfg = Debug|Any CPU
		{9DE92C1A-406D-45A6-89BD-86038DF1D87D}.Debug|Any CPU.Build.0 = Debug|Any CPU
		{9DE92C1A-406D-45A6-89BD-86038DF1D87D}.Debug|Any CPU.Deploy.0 = Debug|Any CPU
		{9DE92C1A-406D-45A6-89BD-86038DF1D87D}.Debug|x64.ActiveCfg = Debug|Any CPU
		{9DE92C1A-406D-45A6-89BD-86038DF1D87D}.Debug|x64.Build.0 = Debug|Any CPU
		{9DE92C1A-406D-45A6-89BD-86038DF1D87D}.Debug|x64.Deploy.0 = Debug|Any CPU
		{9DE92C1A-406D-45A6-89BD-86038DF1D87D}.Debug|x86.ActiveCfg = Debug|Any CPU
		{9DE92C1A-406D-45A6-89BD-86038DF1D87D}.Debug|x86.Build.0 = Debug|Any CPU
		{9DE92C1A-406D-45A6-89BD-86038DF1D87D}.Debug|x86.Deploy.0 = Debug|Any CPU
		{9DE92C1A-406D-45A6-89BD-86038DF1D87D}.Release|Any CPU.ActiveCfg = Release|Any CPU
		{9DE92C1A-406D-45A6-89BD-86038DF1D87D}.Release|Any CPU.Build.0 = Release|Any CPU
		{9DE92C1A-406D-45A6-89BD-86038DF1D87D}.Release|Any CPU.Deploy.0 = Release|Any CPU
		{9DE92C1A-406D-45A6-89BD-86038DF1D87D}.Release|x64.ActiveCfg = Release|Any CPU
		{9DE92C1A-406D-45A6-89BD-86038DF1D87D}.Release|x64.Build.0 = Release|Any CPU
		{9DE92C1A-406D-45A6-89BD-86038DF1D87D}.Release|x64.Deploy.0 = Release|Any CPU
		{9DE92C1A-406D-45A6-89BD-86038DF1D87D}.Release|x86.ActiveCfg = Release|Any CPU
		{9DE92C1A-406D-45A6-89BD-86038DF1D87D}.Release|x86.Build.0 = Release|Any CPU
		{9DE92C1A-406D-45A6-89BD-86038DF1D87D}.Release|x86.Deploy.0 = Release|Any CPU
		{0D413240-1BFA-4357-A09C-2DBFEA41BB86}.Debug|Any CPU.ActiveCfg = Debug|Any CPU
		{0D413240-1BFA-4357-A09C-2DBFEA41BB86}.Debug|Any CPU.Build.0 = Debug|Any CPU
		{0D413240-1BFA-4357-A09C-2DBFEA41BB86}.Debug|x64.ActiveCfg = Debug|Any CPU
		{0D413240-1BFA-4357-A09C-2DBFEA41BB86}.Debug|x64.Build.0 = Debug|Any CPU
		{0D413240-1BFA-4357-A09C-2DBFEA41BB86}.Debug|x86.ActiveCfg = Debug|Any CPU
		{0D413240-1BFA-4357-A09C-2DBFEA41BB86}.Debug|x86.Build.0 = Debug|Any CPU
		{0D413240-1BFA-4357-A09C-2DBFEA41BB86}.Release|Any CPU.ActiveCfg = Release|Any CPU
		{0D413240-1BFA-4357-A09C-2DBFEA41BB86}.Release|Any CPU.Build.0 = Release|Any CPU
		{0D413240-1BFA-4357-A09C-2DBFEA41BB86}.Release|x64.ActiveCfg = Release|Any CPU
		{0D413240-1BFA-4357-A09C-2DBFEA41BB86}.Release|x64.Build.0 = Release|Any CPU
		{0D413240-1BFA-4357-A09C-2DBFEA41BB86}.Release|x86.ActiveCfg = Release|Any CPU
		{0D413240-1BFA-4357-A09C-2DBFEA41BB86}.Release|x86.Build.0 = Release|Any CPU
		{0055F2E7-235B-4636-A1DC-CF55199579FC}.Debug|Any CPU.ActiveCfg = Debug|Any CPU
		{0055F2E7-235B-4636-A1DC-CF55199579FC}.Debug|Any CPU.Build.0 = Debug|Any CPU
		{0055F2E7-235B-4636-A1DC-CF55199579FC}.Debug|x64.ActiveCfg = Debug|Any CPU
		{0055F2E7-235B-4636-A1DC-CF55199579FC}.Debug|x64.Build.0 = Debug|Any CPU
		{0055F2E7-235B-4636-A1DC-CF55199579FC}.Debug|x86.ActiveCfg = Debug|Any CPU
		{0055F2E7-235B-4636-A1DC-CF55199579FC}.Debug|x86.Build.0 = Debug|Any CPU
		{0055F2E7-235B-4636-A1DC-CF55199579FC}.Release|Any CPU.ActiveCfg = Release|Any CPU
		{0055F2E7-235B-4636-A1DC-CF55199579FC}.Release|Any CPU.Build.0 = Release|Any CPU
		{0055F2E7-235B-4636-A1DC-CF55199579FC}.Release|x64.ActiveCfg = Release|Any CPU
		{0055F2E7-235B-4636-A1DC-CF55199579FC}.Release|x64.Build.0 = Release|Any CPU
		{0055F2E7-235B-4636-A1DC-CF55199579FC}.Release|x86.ActiveCfg = Release|Any CPU
		{0055F2E7-235B-4636-A1DC-CF55199579FC}.Release|x86.Build.0 = Release|Any CPU
		{86FF0F3C-9BC0-43C5-B7E5-38A9E6CD5B7C}.Debug|Any CPU.ActiveCfg = Debug|Any CPU
		{86FF0F3C-9BC0-43C5-B7E5-38A9E6CD5B7C}.Debug|Any CPU.Build.0 = Debug|Any CPU
		{86FF0F3C-9BC0-43C5-B7E5-38A9E6CD5B7C}.Debug|x64.ActiveCfg = Debug|Any CPU
		{86FF0F3C-9BC0-43C5-B7E5-38A9E6CD5B7C}.Debug|x64.Build.0 = Debug|Any CPU
		{86FF0F3C-9BC0-43C5-B7E5-38A9E6CD5B7C}.Debug|x86.ActiveCfg = Debug|Any CPU
		{86FF0F3C-9BC0-43C5-B7E5-38A9E6CD5B7C}.Debug|x86.Build.0 = Debug|Any CPU
		{86FF0F3C-9BC0-43C5-B7E5-38A9E6CD5B7C}.Release|Any CPU.ActiveCfg = Release|Any CPU
		{86FF0F3C-9BC0-43C5-B7E5-38A9E6CD5B7C}.Release|Any CPU.Build.0 = Release|Any CPU
		{86FF0F3C-9BC0-43C5-B7E5-38A9E6CD5B7C}.Release|x64.ActiveCfg = Release|Any CPU
		{86FF0F3C-9BC0-43C5-B7E5-38A9E6CD5B7C}.Release|x64.Build.0 = Release|Any CPU
		{86FF0F3C-9BC0-43C5-B7E5-38A9E6CD5B7C}.Release|x86.ActiveCfg = Release|Any CPU
		{86FF0F3C-9BC0-43C5-B7E5-38A9E6CD5B7C}.Release|x86.Build.0 = Release|Any CPU
		{4227660F-B193-476F-A989-1460ACFEC1F7}.Debug|Any CPU.ActiveCfg = Debug|Any CPU
		{4227660F-B193-476F-A989-1460ACFEC1F7}.Debug|Any CPU.Build.0 = Debug|Any CPU
		{4227660F-B193-476F-A989-1460ACFEC1F7}.Debug|x64.ActiveCfg = Debug|Any CPU
		{4227660F-B193-476F-A989-1460ACFEC1F7}.Debug|x64.Build.0 = Debug|Any CPU
		{4227660F-B193-476F-A989-1460ACFEC1F7}.Debug|x86.ActiveCfg = Debug|Any CPU
		{4227660F-B193-476F-A989-1460ACFEC1F7}.Debug|x86.Build.0 = Debug|Any CPU
		{4227660F-B193-476F-A989-1460ACFEC1F7}.Release|Any CPU.ActiveCfg = Release|Any CPU
		{4227660F-B193-476F-A989-1460ACFEC1F7}.Release|Any CPU.Build.0 = Release|Any CPU
		{4227660F-B193-476F-A989-1460ACFEC1F7}.Release|x64.ActiveCfg = Release|Any CPU
		{4227660F-B193-476F-A989-1460ACFEC1F7}.Release|x64.Build.0 = Release|Any CPU
		{4227660F-B193-476F-A989-1460ACFEC1F7}.Release|x86.ActiveCfg = Release|Any CPU
		{4227660F-B193-476F-A989-1460ACFEC1F7}.Release|x86.Build.0 = Release|Any CPU
	EndGlobalSection
	GlobalSection(SolutionProperties) = preSolution
		HideSolutionNode = FALSE
	EndGlobalSection
	GlobalSection(ExtensibilityGlobals) = postSolution
		SolutionGuid = {C44BC3C7-3ED2-4A88-896F-1B91876A3DCB}
	EndGlobalSection
EndGlobal
