
Microsoft Visual Studio Solution File, Format Version 12.00
# Visual Studio 15
VisualStudioVersion = 15.0.26124.0
MinimumVisualStudioVersion = 15.0.26124.0
Project("{FAE04EC0-301F-11D3-BF4B-00C04F79EFBC}") = "SFA.DAS.ASK.Web", "SFA.DAS.ASK.Web\SFA.DAS.ASK.Web.csproj", "{AD2B8ABF-1559-40AE-818B-B2EADCFF266B}"
EndProject
Project("{FAE04EC0-301F-11D3-BF4B-00C04F79EFBC}") = "SFA.DAS.Boilerplate", "SFA.DAS.Boilerplate\SFA.DAS.Boilerplate.csproj", "{4D7EFCB5-BF4C-4163-99B0-B939BA7A71C1}"
EndProject
Project("{FAE04EC0-301F-11D3-BF4B-00C04F79EFBC}") = "SFA.DAS.ASK.Api", "SFA.DAS.ASK.Api\SFA.DAS.ASK.Api.csproj", "{1A5A2FE9-EA23-483C-8BCE-0D768D10F288}"
EndProject
Project("{FAE04EC0-301F-11D3-BF4B-00C04F79EFBC}") = "SFA.DAS.ASK.Functions", "SFA.DAS.ASK.Functions\SFA.DAS.ASK.Functions.csproj", "{B7E56BE4-6BA2-4C10-BB8E-7D5EFAD9C2FF}"
EndProject
Global
	GlobalSection(SolutionConfigurationPlatforms) = preSolution
		Debug|Any CPU = Debug|Any CPU
		Debug|x64 = Debug|x64
		Debug|x86 = Debug|x86
		Release|Any CPU = Release|Any CPU
		Release|x64 = Release|x64
		Release|x86 = Release|x86
	EndGlobalSection
	GlobalSection(SolutionProperties) = preSolution
		HideSolutionNode = FALSE
	EndGlobalSection
	GlobalSection(ProjectConfigurationPlatforms) = postSolution
		{AD2B8ABF-1559-40AE-818B-B2EADCFF266B}.Debug|Any CPU.ActiveCfg = Debug|Any CPU
		{AD2B8ABF-1559-40AE-818B-B2EADCFF266B}.Debug|Any CPU.Build.0 = Debug|Any CPU
		{AD2B8ABF-1559-40AE-818B-B2EADCFF266B}.Debug|x64.ActiveCfg = Debug|Any CPU
		{AD2B8ABF-1559-40AE-818B-B2EADCFF266B}.Debug|x64.Build.0 = Debug|Any CPU
		{AD2B8ABF-1559-40AE-818B-B2EADCFF266B}.Debug|x86.ActiveCfg = Debug|Any CPU
		{AD2B8ABF-1559-40AE-818B-B2EADCFF266B}.Debug|x86.Build.0 = Debug|Any CPU
		{AD2B8ABF-1559-40AE-818B-B2EADCFF266B}.Release|Any CPU.ActiveCfg = Release|Any CPU
		{AD2B8ABF-1559-40AE-818B-B2EADCFF266B}.Release|Any CPU.Build.0 = Release|Any CPU
		{AD2B8ABF-1559-40AE-818B-B2EADCFF266B}.Release|x64.ActiveCfg = Release|Any CPU
		{AD2B8ABF-1559-40AE-818B-B2EADCFF266B}.Release|x64.Build.0 = Release|Any CPU
		{AD2B8ABF-1559-40AE-818B-B2EADCFF266B}.Release|x86.ActiveCfg = Release|Any CPU
		{AD2B8ABF-1559-40AE-818B-B2EADCFF266B}.Release|x86.Build.0 = Release|Any CPU
		{4D7EFCB5-BF4C-4163-99B0-B939BA7A71C1}.Debug|Any CPU.ActiveCfg = Debug|Any CPU
		{4D7EFCB5-BF4C-4163-99B0-B939BA7A71C1}.Debug|Any CPU.Build.0 = Debug|Any CPU
		{4D7EFCB5-BF4C-4163-99B0-B939BA7A71C1}.Debug|x64.ActiveCfg = Debug|Any CPU
		{4D7EFCB5-BF4C-4163-99B0-B939BA7A71C1}.Debug|x64.Build.0 = Debug|Any CPU
		{4D7EFCB5-BF4C-4163-99B0-B939BA7A71C1}.Debug|x86.ActiveCfg = Debug|Any CPU
		{4D7EFCB5-BF4C-4163-99B0-B939BA7A71C1}.Debug|x86.Build.0 = Debug|Any CPU
		{4D7EFCB5-BF4C-4163-99B0-B939BA7A71C1}.Release|Any CPU.ActiveCfg = Release|Any CPU
		{4D7EFCB5-BF4C-4163-99B0-B939BA7A71C1}.Release|Any CPU.Build.0 = Release|Any CPU
		{4D7EFCB5-BF4C-4163-99B0-B939BA7A71C1}.Release|x64.ActiveCfg = Release|Any CPU
		{4D7EFCB5-BF4C-4163-99B0-B939BA7A71C1}.Release|x64.Build.0 = Release|Any CPU
		{4D7EFCB5-BF4C-4163-99B0-B939BA7A71C1}.Release|x86.ActiveCfg = Release|Any CPU
		{4D7EFCB5-BF4C-4163-99B0-B939BA7A71C1}.Release|x86.Build.0 = Release|Any CPU
		{1A5A2FE9-EA23-483C-8BCE-0D768D10F288}.Debug|Any CPU.ActiveCfg = Debug|Any CPU
		{1A5A2FE9-EA23-483C-8BCE-0D768D10F288}.Debug|Any CPU.Build.0 = Debug|Any CPU
		{1A5A2FE9-EA23-483C-8BCE-0D768D10F288}.Debug|x64.ActiveCfg = Debug|Any CPU
		{1A5A2FE9-EA23-483C-8BCE-0D768D10F288}.Debug|x64.Build.0 = Debug|Any CPU
		{1A5A2FE9-EA23-483C-8BCE-0D768D10F288}.Debug|x86.ActiveCfg = Debug|Any CPU
		{1A5A2FE9-EA23-483C-8BCE-0D768D10F288}.Debug|x86.Build.0 = Debug|Any CPU
		{1A5A2FE9-EA23-483C-8BCE-0D768D10F288}.Release|Any CPU.ActiveCfg = Release|Any CPU
		{1A5A2FE9-EA23-483C-8BCE-0D768D10F288}.Release|Any CPU.Build.0 = Release|Any CPU
		{1A5A2FE9-EA23-483C-8BCE-0D768D10F288}.Release|x64.ActiveCfg = Release|Any CPU
		{1A5A2FE9-EA23-483C-8BCE-0D768D10F288}.Release|x64.Build.0 = Release|Any CPU
		{1A5A2FE9-EA23-483C-8BCE-0D768D10F288}.Release|x86.ActiveCfg = Release|Any CPU
		{1A5A2FE9-EA23-483C-8BCE-0D768D10F288}.Release|x86.Build.0 = Release|Any CPU
		{B7E56BE4-6BA2-4C10-BB8E-7D5EFAD9C2FF}.Debug|Any CPU.ActiveCfg = Debug|Any CPU
		{B7E56BE4-6BA2-4C10-BB8E-7D5EFAD9C2FF}.Debug|Any CPU.Build.0 = Debug|Any CPU
		{B7E56BE4-6BA2-4C10-BB8E-7D5EFAD9C2FF}.Debug|x64.ActiveCfg = Debug|Any CPU
		{B7E56BE4-6BA2-4C10-BB8E-7D5EFAD9C2FF}.Debug|x64.Build.0 = Debug|Any CPU
		{B7E56BE4-6BA2-4C10-BB8E-7D5EFAD9C2FF}.Debug|x86.ActiveCfg = Debug|Any CPU
		{B7E56BE4-6BA2-4C10-BB8E-7D5EFAD9C2FF}.Debug|x86.Build.0 = Debug|Any CPU
		{B7E56BE4-6BA2-4C10-BB8E-7D5EFAD9C2FF}.Release|Any CPU.ActiveCfg = Release|Any CPU
		{B7E56BE4-6BA2-4C10-BB8E-7D5EFAD9C2FF}.Release|Any CPU.Build.0 = Release|Any CPU
		{B7E56BE4-6BA2-4C10-BB8E-7D5EFAD9C2FF}.Release|x64.ActiveCfg = Release|Any CPU
		{B7E56BE4-6BA2-4C10-BB8E-7D5EFAD9C2FF}.Release|x64.Build.0 = Release|Any CPU
		{B7E56BE4-6BA2-4C10-BB8E-7D5EFAD9C2FF}.Release|x86.ActiveCfg = Release|Any CPU
		{B7E56BE4-6BA2-4C10-BB8E-7D5EFAD9C2FF}.Release|x86.Build.0 = Release|Any CPU
	EndGlobalSection
EndGlobal
